
Microsoft Visual Studio Solution File, Format Version 12.00
# Visual Studio 15
VisualStudioVersion = 15.0.27130.2036
MinimumVisualStudioVersion = 10.0.40219.1
Project("{FAE04EC0-301F-11D3-BF4B-00C04F79EFBC}") = "ATH-Grupa-1A-P4", "ATH-Grupa-1A-P4\ATH-Grupa-1A-P4.csproj", "{8712A007-176B-4792-923A-C5754EB02328}"
EndProject
Global
	GlobalSection(SolutionConfigurationPlatforms) = preSolution
		Debug|Any CPU = Debug|Any CPU
		Release|Any CPU = Release|Any CPU
	EndGlobalSection
	GlobalSection(ProjectConfigurationPlatforms) = postSolution
		{8712A007-176B-4792-923A-C5754EB02328}.Debug|Any CPU.ActiveCfg = Debug|Any CPU
		{8712A007-176B-4792-923A-C5754EB02328}.Debug|Any CPU.Build.0 = Debug|Any CPU
		{8712A007-176B-4792-923A-C5754EB02328}.Release|Any CPU.ActiveCfg = Release|Any CPU
		{8712A007-176B-4792-923A-C5754EB02328}.Release|Any CPU.Build.0 = Release|Any CPU
	EndGlobalSection
	GlobalSection(SolutionProperties) = preSolution
		HideSolutionNode = FALSE
	EndGlobalSection
	GlobalSection(ExtensibilityGlobals) = postSolution
		SolutionGuid = {5A523471-9E62-4AD9-9423-2A31F28AFF8E}
	EndGlobalSection
EndGlobal
